
Microsoft Visual Studio Solution File, Format Version 12.00
# Visual Studio Version 17
VisualStudioVersion = 17.1.32421.90
MinimumVisualStudioVersion = 10.0.40219.1
Project("{FAE04EC0-301F-11D3-BF4B-00C04F79EFBC}") = "ThreeInARow", "ThreeInARow\ThreeInARow.csproj", "{01E8299D-565D-4CBE-9A72-314A7C5C5775}"
EndProject
Global
	GlobalSection(SolutionConfigurationPlatforms) = preSolution
		Debug|Any CPU = Debug|Any CPU
		Release|Any CPU = Release|Any CPU
	EndGlobalSection
	GlobalSection(ProjectConfigurationPlatforms) = postSolution
		{01E8299D-565D-4CBE-9A72-314A7C5C5775}.Debug|Any CPU.ActiveCfg = Debug|Any CPU
		{01E8299D-565D-4CBE-9A72-314A7C5C5775}.Debug|Any CPU.Build.0 = Debug|Any CPU
		{01E8299D-565D-4CBE-9A72-314A7C5C5775}.Release|Any CPU.ActiveCfg = Release|Any CPU
		{01E8299D-565D-4CBE-9A72-314A7C5C5775}.Release|Any CPU.Build.0 = Release|Any CPU
	EndGlobalSection
	GlobalSection(SolutionProperties) = preSolution
		HideSolutionNode = FALSE
	EndGlobalSection
	GlobalSection(ExtensibilityGlobals) = postSolution
		SolutionGuid = {7BBDF7E8-8891-4DDF-9164-FAE7EFBF2B25}
	EndGlobalSection
EndGlobal
